
Microsoft Visual Studio Solution File, Format Version 12.00
# Visual Studio Version 17
VisualStudioVersion = 17.4.33122.133
MinimumVisualStudioVersion = 10.0.40219.1
Project("{FAE04EC0-301F-11D3-BF4B-00C04F79EFBC}") = "SERVER_IO", "SERVER_IO\SERVER_IO.csproj", "{C410E202-342C-4007-9A49-4FA7416A47D6}"
EndProject
Project("{FAE04EC0-301F-11D3-BF4B-00C04F79EFBC}") = "CLIENT_IO", "CLIENT_IO\CLIENT_IO.csproj", "{42696529-BBCE-47C7-B589-D769BBC6F266}"
EndProject
Project("{FAE04EC0-301F-11D3-BF4B-00C04F79EFBC}") = "SocketFormaApp", "SocketFormaApp\SocketFormaApp.csproj", "{BC698628-E75E-4BAC-B5C3-550FCDD36122}"
EndProject
Global
	GlobalSection(SolutionConfigurationPlatforms) = preSolution
		Debug|Any CPU = Debug|Any CPU
		Release|Any CPU = Release|Any CPU
	EndGlobalSection
	GlobalSection(ProjectConfigurationPlatforms) = postSolution
		{C410E202-342C-4007-9A49-4FA7416A47D6}.Debug|Any CPU.ActiveCfg = Debug|Any CPU
		{C410E202-342C-4007-9A49-4FA7416A47D6}.Debug|Any CPU.Build.0 = Debug|Any CPU
		{C410E202-342C-4007-9A49-4FA7416A47D6}.Release|Any CPU.ActiveCfg = Release|Any CPU
		{C410E202-342C-4007-9A49-4FA7416A47D6}.Release|Any CPU.Build.0 = Release|Any CPU
		{42696529-BBCE-47C7-B589-D769BBC6F266}.Debug|Any CPU.ActiveCfg = Debug|Any CPU
		{42696529-BBCE-47C7-B589-D769BBC6F266}.Debug|Any CPU.Build.0 = Debug|Any CPU
		{42696529-BBCE-47C7-B589-D769BBC6F266}.Release|Any CPU.ActiveCfg = Release|Any CPU
		{42696529-BBCE-47C7-B589-D769BBC6F266}.Release|Any CPU.Build.0 = Release|Any CPU
		{BC698628-E75E-4BAC-B5C3-550FCDD36122}.Debug|Any CPU.ActiveCfg = Debug|Any CPU
		{BC698628-E75E-4BAC-B5C3-550FCDD36122}.Debug|Any CPU.Build.0 = Debug|Any CPU
		{BC698628-E75E-4BAC-B5C3-550FCDD36122}.Release|Any CPU.ActiveCfg = Release|Any CPU
		{BC698628-E75E-4BAC-B5C3-550FCDD36122}.Release|Any CPU.Build.0 = Release|Any CPU
	EndGlobalSection
	GlobalSection(SolutionProperties) = preSolution
		HideSolutionNode = FALSE
	EndGlobalSection
	GlobalSection(ExtensibilityGlobals) = postSolution
		SolutionGuid = {6D7F551F-6D18-4F10-8465-9D8BA8883D11}
	EndGlobalSection
EndGlobal
